
Microsoft Visual Studio Solution File, Format Version 12.00
# Visual Studio Version 16
VisualStudioVersion = 16.0.31129.286
MinimumVisualStudioVersion = 10.0.40219.1
Project("{D2ABAB84-BF74-430A-B69E-9DC6D40DDA17}") = "ssas", "ssas\ssas.dwproj", "{016557D0-23E8-4916-8588-EDDE19460516}"
EndProject
Global
	GlobalSection(SolutionConfigurationPlatforms) = preSolution
		Development|Default = Development|Default
	EndGlobalSection
	GlobalSection(ProjectConfigurationPlatforms) = postSolution
		{016557D0-23E8-4916-8588-EDDE19460516}.Development|Default.ActiveCfg = Development
		{016557D0-23E8-4916-8588-EDDE19460516}.Development|Default.Build.0 = Development
		{016557D0-23E8-4916-8588-EDDE19460516}.Development|Default.Deploy.0 = Development
	EndGlobalSection
	GlobalSection(SolutionProperties) = preSolution
		HideSolutionNode = FALSE
	EndGlobalSection
	GlobalSection(ExtensibilityGlobals) = postSolution
		SolutionGuid = {3FE25530-FCA3-4F74-ABC3-A8EC04982056}
	EndGlobalSection
EndGlobal
